
Microsoft Visual Studio Solution File, Format Version 12.00
Project("{FAE04EC0-301F-11D3-BF4B-00C04F79EFBC}") = "Zumra", "Zumra\Zumra.csproj", "{CA780C4E-76C1-4133-98FD-C449CC12D993}"
EndProject
Project("{FAE04EC0-301F-11D3-BF4B-00C04F79EFBC}") = "Test_Zumra", "Test_Zumra\Test_Zumra.csproj", "{BAB3364C-9973-4622-9B5B-5C37A96B1922}"
EndProject
Global
	GlobalSection(SolutionConfigurationPlatforms) = preSolution
		Debug|Any CPU = Debug|Any CPU
		Release|Any CPU = Release|Any CPU
	EndGlobalSection
	GlobalSection(ProjectConfigurationPlatforms) = postSolution
		{CA780C4E-76C1-4133-98FD-C449CC12D993}.Debug|Any CPU.ActiveCfg = Debug|Any CPU
		{CA780C4E-76C1-4133-98FD-C449CC12D993}.Debug|Any CPU.Build.0 = Debug|Any CPU
		{CA780C4E-76C1-4133-98FD-C449CC12D993}.Release|Any CPU.ActiveCfg = Release|Any CPU
		{CA780C4E-76C1-4133-98FD-C449CC12D993}.Release|Any CPU.Build.0 = Release|Any CPU
		{BAB3364C-9973-4622-9B5B-5C37A96B1922}.Debug|Any CPU.ActiveCfg = Debug|Any CPU
		{BAB3364C-9973-4622-9B5B-5C37A96B1922}.Debug|Any CPU.Build.0 = Debug|Any CPU
		{BAB3364C-9973-4622-9B5B-5C37A96B1922}.Release|Any CPU.ActiveCfg = Release|Any CPU
		{BAB3364C-9973-4622-9B5B-5C37A96B1922}.Release|Any CPU.Build.0 = Release|Any CPU
	EndGlobalSection
EndGlobal
